
Microsoft Visual Studio Solution File, Format Version 12.00
# Visual Studio 15
VisualStudioVersion = 15.0.28010.2003
MinimumVisualStudioVersion = 10.0.40219.1
Project("{8BC9CEB8-8B4A-11D0-8D11-00A0C91BC942}") = "oslab3", "oslab3\oslab3.vcxproj", "{7E228C3A-6A2E-48E3-A8AC-3C6CF483C51C}"
EndProject
Global
	GlobalSection(SolutionConfigurationPlatforms) = preSolution
		Debug|x64 = Debug|x64
		Debug|x86 = Debug|x86
		Release|x64 = Release|x64
		Release|x86 = Release|x86
	EndGlobalSection
	GlobalSection(ProjectConfigurationPlatforms) = postSolution
		{7E228C3A-6A2E-48E3-A8AC-3C6CF483C51C}.Debug|x64.ActiveCfg = Debug|x64
		{7E228C3A-6A2E-48E3-A8AC-3C6CF483C51C}.Debug|x64.Build.0 = Debug|x64
		{7E228C3A-6A2E-48E3-A8AC-3C6CF483C51C}.Debug|x86.ActiveCfg = Debug|Win32
		{7E228C3A-6A2E-48E3-A8AC-3C6CF483C51C}.Debug|x86.Build.0 = Debug|Win32
		{7E228C3A-6A2E-48E3-A8AC-3C6CF483C51C}.Release|x64.ActiveCfg = Release|x64
		{7E228C3A-6A2E-48E3-A8AC-3C6CF483C51C}.Release|x64.Build.0 = Release|x64
		{7E228C3A-6A2E-48E3-A8AC-3C6CF483C51C}.Release|x86.ActiveCfg = Release|Win32
		{7E228C3A-6A2E-48E3-A8AC-3C6CF483C51C}.Release|x86.Build.0 = Release|Win32
	EndGlobalSection
	GlobalSection(SolutionProperties) = preSolution
		HideSolutionNode = FALSE
	EndGlobalSection
	GlobalSection(ExtensibilityGlobals) = postSolution
		SolutionGuid = {D914CA43-7A3F-4729-8B57-E450B27EB3F4}
	EndGlobalSection
EndGlobal
